
Microsoft Visual Studio Solution File, Format Version 12.00
# Visual Studio Version 17
VisualStudioVersion = 17.9.34701.34
MinimumVisualStudioVersion = 10.0.40219.1
Project("{FAE04EC0-301F-11D3-BF4B-00C04F79EFBC}") = "DrawIO", "DrawIO\DrawIO.csproj", "{808C2A0D-EF7D-4EA9-8126-EFDAC70FF774}"
EndProject
Global
	GlobalSection(SolutionConfigurationPlatforms) = preSolution
		Debug|Any CPU = Debug|Any CPU
		Release|Any CPU = Release|Any CPU
	EndGlobalSection
	GlobalSection(ProjectConfigurationPlatforms) = postSolution
		{808C2A0D-EF7D-4EA9-8126-EFDAC70FF774}.Debug|Any CPU.ActiveCfg = Debug|Any CPU
		{808C2A0D-EF7D-4EA9-8126-EFDAC70FF774}.Debug|Any CPU.Build.0 = Debug|Any CPU
		{808C2A0D-EF7D-4EA9-8126-EFDAC70FF774}.Release|Any CPU.ActiveCfg = Release|Any CPU
		{808C2A0D-EF7D-4EA9-8126-EFDAC70FF774}.Release|Any CPU.Build.0 = Release|Any CPU
	EndGlobalSection
	GlobalSection(SolutionProperties) = preSolution
		HideSolutionNode = FALSE
	EndGlobalSection
	GlobalSection(ExtensibilityGlobals) = postSolution
		SolutionGuid = {D55E9B0D-3CE7-4A8B-A498-DDBB858607F2}
	EndGlobalSection
EndGlobal
